
Microsoft Visual Studio Solution File, Format Version 12.00
# Visual Studio 15
VisualStudioVersion = 15.0.28307.438
MinimumVisualStudioVersion = 10.0.40219.1
Project("{FAE04EC0-301F-11D3-BF4B-00C04F79EFBC}") = "ExpressoApi", "ExpressoApi\ExpressoApi.csproj", "{BC962373-23DC-4EA8-91B2-F0D64D13D20E}"
EndProject
Global
	GlobalSection(SolutionConfigurationPlatforms) = preSolution
		Debug|Any CPU = Debug|Any CPU
		Release|Any CPU = Release|Any CPU
	EndGlobalSection
	GlobalSection(ProjectConfigurationPlatforms) = postSolution
		{BC962373-23DC-4EA8-91B2-F0D64D13D20E}.Debug|Any CPU.ActiveCfg = Debug|Any CPU
		{BC962373-23DC-4EA8-91B2-F0D64D13D20E}.Debug|Any CPU.Build.0 = Debug|Any CPU
		{BC962373-23DC-4EA8-91B2-F0D64D13D20E}.Release|Any CPU.ActiveCfg = Release|Any CPU
		{BC962373-23DC-4EA8-91B2-F0D64D13D20E}.Release|Any CPU.Build.0 = Release|Any CPU
	EndGlobalSection
	GlobalSection(SolutionProperties) = preSolution
		HideSolutionNode = FALSE
	EndGlobalSection
	GlobalSection(ExtensibilityGlobals) = postSolution
		SolutionGuid = {AB4EA940-F4FC-4ECC-9B2E-5254EBAE09A5}
	EndGlobalSection
EndGlobal
